
Microsoft Visual Studio Solution File, Format Version 12.00
# Visual Studio Version 17
VisualStudioVersion = 17.9.34714.143
MinimumVisualStudioVersion = 10.0.40219.1
Project("{FAE04EC0-301F-11D3-BF4B-00C04F79EFBC}") = "TsId", "src\TsId.csproj", "{CE285FEB-ECE6-4ABD-9261-C5B82D2047FE}"
EndProject
Global
	GlobalSection(SolutionConfigurationPlatforms) = preSolution
		Debug|Any CPU = Debug|Any CPU
		Release|Any CPU = Release|Any CPU
	EndGlobalSection
	GlobalSection(ProjectConfigurationPlatforms) = postSolution
		{CE285FEB-ECE6-4ABD-9261-C5B82D2047FE}.Debug|Any CPU.ActiveCfg = Debug|Any CPU
		{CE285FEB-ECE6-4ABD-9261-C5B82D2047FE}.Debug|Any CPU.Build.0 = Debug|Any CPU
		{CE285FEB-ECE6-4ABD-9261-C5B82D2047FE}.Release|Any CPU.ActiveCfg = Release|Any CPU
		{CE285FEB-ECE6-4ABD-9261-C5B82D2047FE}.Release|Any CPU.Build.0 = Release|Any CPU
	EndGlobalSection
	GlobalSection(SolutionProperties) = preSolution
		HideSolutionNode = FALSE
	EndGlobalSection
	GlobalSection(ExtensibilityGlobals) = postSolution
		SolutionGuid = {63243D71-43AE-4F55-B760-EE8A3977475C}
	EndGlobalSection
EndGlobal
